
Microsoft Visual Studio Solution File, Format Version 12.00
# Visual Studio Version 17
VisualStudioVersion = 17.11.35222.181
MinimumVisualStudioVersion = 10.0.40219.1
Project("{9A19103F-16F7-4668-BE54-9A1E7A4F7556}") = "Week2_Final_1", "Week2_Final\Week2_Final_1.csproj", "{79B55A9D-0AB5-420A-8518-6E7B58AF9F4E}"
EndProject
Project("{9A19103F-16F7-4668-BE54-9A1E7A4F7556}") = "Week2_Final_2", "Week2_Final_2\Week2_Final_2.csproj", "{12747D1B-F107-4984-89DE-EC117AB0AFBD}"
EndProject
Project("{9A19103F-16F7-4668-BE54-9A1E7A4F7556}") = "Week2_Final_3", "Week2_Final_3\Week2_Final_3.csproj", "{86EFDEE0-037D-488B-A83A-225C5BE4DFDB}"
EndProject
Project("{9A19103F-16F7-4668-BE54-9A1E7A4F7556}") = "Week2_Final_4", "Week2_Final_4\Week2_Final_4.csproj", "{3B7621D1-2E5E-4EDC-A493-AC0733B33373}"
EndProject
Project("{9A19103F-16F7-4668-BE54-9A1E7A4F7556}") = "Week2_Final_5", "Week2_Final_5\Week2_Final_5.csproj", "{00818F51-89EA-4132-904D-BD2C13499AE8}"
EndProject
Project("{9A19103F-16F7-4668-BE54-9A1E7A4F7556}") = "Week2_Final_6", "Week2_Final_6\Week2_Final_6.csproj", "{25B40827-7FC1-47AB-893E-ED05914602A6}"
EndProject
Project("{9A19103F-16F7-4668-BE54-9A1E7A4F7556}") = "Week2_Final_7", "Week2_Final_7\Week2_Final_7.csproj", "{2089D403-0FA8-465C-B43B-D2F169234406}"
EndProject
Project("{9A19103F-16F7-4668-BE54-9A1E7A4F7556}") = "Week2_Final_8", "Week2_Final_8\Week2_Final_8.csproj", "{39F78209-B808-4F67-9CBC-B219A9E3069C}"
EndProject
Project("{9A19103F-16F7-4668-BE54-9A1E7A4F7556}") = "Week2_Final_9", "Week2_Final_9\Week2_Final_9.csproj", "{7F27330E-9D3C-48C6-9E33-F366AF56CB4C}"
EndProject
Project("{9A19103F-16F7-4668-BE54-9A1E7A4F7556}") = "Week2_Final_10", "Week2_Final_10\Week2_Final_10.csproj", "{FFA18C93-AF06-40AF-89EF-FCB6D513B327}"
EndProject
Project("{9A19103F-16F7-4668-BE54-9A1E7A4F7556}") = "Week2_Final_11", "Week2_Final_11\Week2_Final_11.csproj", "{2AE0B849-86BA-4DB7-AB05-7FDD18ED0A74}"
EndProject
Project("{9A19103F-16F7-4668-BE54-9A1E7A4F7556}") = "Week2_Final_12", "Weeek2_Final_12\Week2_Final_12.csproj", "{B5D68B2C-DBA4-4C6C-BFD5-C0C34DD9A6C9}"
EndProject
Project("{9A19103F-16F7-4668-BE54-9A1E7A4F7556}") = "Week2_Final_13", "Week2_Final_13\Week2_Final_13.csproj", "{BFFC2BBD-FDEB-409F-A54B-BFA79C3928AB}"
EndProject
Project("{9A19103F-16F7-4668-BE54-9A1E7A4F7556}") = "Week2_Final_14", "Week2_Final_14\Week2_Final_14.csproj", "{B95FEB97-21C1-4C30-AA0E-F0406F3C3E4A}"
EndProject
Project("{FAE04EC0-301F-11D3-BF4B-00C04F79EFBC}") = "Week2_Final_15", "Week2_Final_15\Week2_Final_15.csproj", "{328A60A0-3BC4-4D1C-B19A-3AD1FF307ACC}"
EndProject
Project("{FAE04EC0-301F-11D3-BF4B-00C04F79EFBC}") = "Week2_Final_16", "Week2_Final_16\Week2_Final_16.csproj", "{CEEB492B-BF35-4CB7-92D6-E8BFF892398E}"
EndProject
Global
	GlobalSection(SolutionConfigurationPlatforms) = preSolution
		Debug|Any CPU = Debug|Any CPU
		Release|Any CPU = Release|Any CPU
	EndGlobalSection
	GlobalSection(ProjectConfigurationPlatforms) = postSolution
		{79B55A9D-0AB5-420A-8518-6E7B58AF9F4E}.Debug|Any CPU.ActiveCfg = Debug|Any CPU
		{79B55A9D-0AB5-420A-8518-6E7B58AF9F4E}.Debug|Any CPU.Build.0 = Debug|Any CPU
		{79B55A9D-0AB5-420A-8518-6E7B58AF9F4E}.Release|Any CPU.ActiveCfg = Release|Any CPU
		{79B55A9D-0AB5-420A-8518-6E7B58AF9F4E}.Release|Any CPU.Build.0 = Release|Any CPU
		{12747D1B-F107-4984-89DE-EC117AB0AFBD}.Debug|Any CPU.ActiveCfg = Debug|Any CPU
		{12747D1B-F107-4984-89DE-EC117AB0AFBD}.Debug|Any CPU.Build.0 = Debug|Any CPU
		{12747D1B-F107-4984-89DE-EC117AB0AFBD}.Release|Any CPU.ActiveCfg = Release|Any CPU
		{12747D1B-F107-4984-89DE-EC117AB0AFBD}.Release|Any CPU.Build.0 = Release|Any CPU
		{86EFDEE0-037D-488B-A83A-225C5BE4DFDB}.Debug|Any CPU.ActiveCfg = Debug|Any CPU
		{86EFDEE0-037D-488B-A83A-225C5BE4DFDB}.Debug|Any CPU.Build.0 = Debug|Any CPU
		{86EFDEE0-037D-488B-A83A-225C5BE4DFDB}.Release|Any CPU.ActiveCfg = Release|Any CPU
		{86EFDEE0-037D-488B-A83A-225C5BE4DFDB}.Release|Any CPU.Build.0 = Release|Any CPU
		{3B7621D1-2E5E-4EDC-A493-AC0733B33373}.Debug|Any CPU.ActiveCfg = Debug|Any CPU
		{3B7621D1-2E5E-4EDC-A493-AC0733B33373}.Debug|Any CPU.Build.0 = Debug|Any CPU
		{3B7621D1-2E5E-4EDC-A493-AC0733B33373}.Release|Any CPU.ActiveCfg = Release|Any CPU
		{3B7621D1-2E5E-4EDC-A493-AC0733B33373}.Release|Any CPU.Build.0 = Release|Any CPU
		{00818F51-89EA-4132-904D-BD2C13499AE8}.Debug|Any CPU.ActiveCfg = Debug|Any CPU
		{00818F51-89EA-4132-904D-BD2C13499AE8}.Debug|Any CPU.Build.0 = Debug|Any CPU
		{00818F51-89EA-4132-904D-BD2C13499AE8}.Release|Any CPU.ActiveCfg = Release|Any CPU
		{00818F51-89EA-4132-904D-BD2C13499AE8}.Release|Any CPU.Build.0 = Release|Any CPU
		{25B40827-7FC1-47AB-893E-ED05914602A6}.Debug|Any CPU.ActiveCfg = Debug|Any CPU
		{25B40827-7FC1-47AB-893E-ED05914602A6}.Debug|Any CPU.Build.0 = Debug|Any CPU
		{25B40827-7FC1-47AB-893E-ED05914602A6}.Release|Any CPU.ActiveCfg = Release|Any CPU
		{25B40827-7FC1-47AB-893E-ED05914602A6}.Release|Any CPU.Build.0 = Release|Any CPU
		{2089D403-0FA8-465C-B43B-D2F169234406}.Debug|Any CPU.ActiveCfg = Debug|Any CPU
		{2089D403-0FA8-465C-B43B-D2F169234406}.Debug|Any CPU.Build.0 = Debug|Any CPU
		{2089D403-0FA8-465C-B43B-D2F169234406}.Release|Any CPU.ActiveCfg = Release|Any CPU
		{2089D403-0FA8-465C-B43B-D2F169234406}.Release|Any CPU.Build.0 = Release|Any CPU
		{39F78209-B808-4F67-9CBC-B219A9E3069C}.Debug|Any CPU.ActiveCfg = Debug|Any CPU
		{39F78209-B808-4F67-9CBC-B219A9E3069C}.Debug|Any CPU.Build.0 = Debug|Any CPU
		{39F78209-B808-4F67-9CBC-B219A9E3069C}.Release|Any CPU.ActiveCfg = Release|Any CPU
		{39F78209-B808-4F67-9CBC-B219A9E3069C}.Release|Any CPU.Build.0 = Release|Any CPU
		{7F27330E-9D3C-48C6-9E33-F366AF56CB4C}.Debug|Any CPU.ActiveCfg = Debug|Any CPU
		{7F27330E-9D3C-48C6-9E33-F366AF56CB4C}.Debug|Any CPU.Build.0 = Debug|Any CPU
		{7F27330E-9D3C-48C6-9E33-F366AF56CB4C}.Release|Any CPU.ActiveCfg = Release|Any CPU
		{7F27330E-9D3C-48C6-9E33-F366AF56CB4C}.Release|Any CPU.Build.0 = Release|Any CPU
		{FFA18C93-AF06-40AF-89EF-FCB6D513B327}.Debug|Any CPU.ActiveCfg = Debug|Any CPU
		{FFA18C93-AF06-40AF-89EF-FCB6D513B327}.Debug|Any CPU.Build.0 = Debug|Any CPU
		{FFA18C93-AF06-40AF-89EF-FCB6D513B327}.Release|Any CPU.ActiveCfg = Release|Any CPU
		{FFA18C93-AF06-40AF-89EF-FCB6D513B327}.Release|Any CPU.Build.0 = Release|Any CPU
		{2AE0B849-86BA-4DB7-AB05-7FDD18ED0A74}.Debug|Any CPU.ActiveCfg = Debug|Any CPU
		{2AE0B849-86BA-4DB7-AB05-7FDD18ED0A74}.Debug|Any CPU.Build.0 = Debug|Any CPU
		{2AE0B849-86BA-4DB7-AB05-7FDD18ED0A74}.Release|Any CPU.ActiveCfg = Release|Any CPU
		{2AE0B849-86BA-4DB7-AB05-7FDD18ED0A74}.Release|Any CPU.Build.0 = Release|Any CPU
		{B5D68B2C-DBA4-4C6C-BFD5-C0C34DD9A6C9}.Debug|Any CPU.ActiveCfg = Debug|Any CPU
		{B5D68B2C-DBA4-4C6C-BFD5-C0C34DD9A6C9}.Debug|Any CPU.Build.0 = Debug|Any CPU
		{B5D68B2C-DBA4-4C6C-BFD5-C0C34DD9A6C9}.Release|Any CPU.ActiveCfg = Release|Any CPU
		{B5D68B2C-DBA4-4C6C-BFD5-C0C34DD9A6C9}.Release|Any CPU.Build.0 = Release|Any CPU
		{BFFC2BBD-FDEB-409F-A54B-BFA79C3928AB}.Debug|Any CPU.ActiveCfg = Debug|Any CPU
		{BFFC2BBD-FDEB-409F-A54B-BFA79C3928AB}.Debug|Any CPU.Build.0 = Debug|Any CPU
		{BFFC2BBD-FDEB-409F-A54B-BFA79C3928AB}.Release|Any CPU.ActiveCfg = Release|Any CPU
		{BFFC2BBD-FDEB-409F-A54B-BFA79C3928AB}.Release|Any CPU.Build.0 = Release|Any CPU
		{B95FEB97-21C1-4C30-AA0E-F0406F3C3E4A}.Debug|Any CPU.ActiveCfg = Debug|Any CPU
		{B95FEB97-21C1-4C30-AA0E-F0406F3C3E4A}.Debug|Any CPU.Build.0 = Debug|Any CPU
		{B95FEB97-21C1-4C30-AA0E-F0406F3C3E4A}.Release|Any CPU.ActiveCfg = Release|Any CPU
		{B95FEB97-21C1-4C30-AA0E-F0406F3C3E4A}.Release|Any CPU.Build.0 = Release|Any CPU
		{328A60A0-3BC4-4D1C-B19A-3AD1FF307ACC}.Debug|Any CPU.ActiveCfg = Debug|Any CPU
		{328A60A0-3BC4-4D1C-B19A-3AD1FF307ACC}.Debug|Any CPU.Build.0 = Debug|Any CPU
		{328A60A0-3BC4-4D1C-B19A-3AD1FF307ACC}.Release|Any CPU.ActiveCfg = Release|Any CPU
		{328A60A0-3BC4-4D1C-B19A-3AD1FF307ACC}.Release|Any CPU.Build.0 = Release|Any CPU
		{CEEB492B-BF35-4CB7-92D6-E8BFF892398E}.Debug|Any CPU.ActiveCfg = Debug|Any CPU
		{CEEB492B-BF35-4CB7-92D6-E8BFF892398E}.Debug|Any CPU.Build.0 = Debug|Any CPU
		{CEEB492B-BF35-4CB7-92D6-E8BFF892398E}.Release|Any CPU.ActiveCfg = Release|Any CPU
		{CEEB492B-BF35-4CB7-92D6-E8BFF892398E}.Release|Any CPU.Build.0 = Release|Any CPU
	EndGlobalSection
	GlobalSection(SolutionProperties) = preSolution
		HideSolutionNode = FALSE
	EndGlobalSection
	GlobalSection(ExtensibilityGlobals) = postSolution
		SolutionGuid = {47C35CB5-72BC-439B-BB82-64D8AFAD103B}
	EndGlobalSection
EndGlobal
